// !$*UTF8*$!
{
	archiveVersion = 1;
	classes = {
	};
	objectVersion = 77;
	objects = {

/* Begin PBXBuildFile section */
		0C771842D02A649E745C3B15 /* DryRunPreviewView.swift in Sources */ = {isa = PBXBuildFile; fileRef = 2EEB87CC671E21E589A65057 /* DryRunPreviewView.swift */; };
		10F8BF003F3440B97C059F19 /* AppCoordinator.swift in Sources */ = {isa = PBXBuildFile; fileRef = 40218ED3573E8C580F87331A /* AppCoordinator.swift */; };
		122898FEB28FBBB4924A3FAD /* SetupWizardView.swift in Sources */ = {isa = PBXBuildFile; fileRef = E192D5207611469FC1CFC2C9 /* SetupWizardView.swift */; };
		14EB9554E5F4347CC71B0176 /* LoggerTests.swift in Sources */ = {isa = PBXBuildFile; fileRef = 528D7EE69A4957C0F010B701 /* LoggerTests.swift */; };
		1DF5A6DF6F973594A24E0373 /* ReconciliationOperation.swift in Sources */ = {isa = PBXBuildFile; fileRef = B2118857B4307DC673596E96 /* ReconciliationOperation.swift */; };
		29C752C5B563C9AF7CE929DF /* SettingsView.swift in Sources */ = {isa = PBXBuildFile; fileRef = 64BE3638EBB3BBF5ED512267 /* SettingsView.swift */; };
		30883F869DEEB730CCB20D95 /* EventEligibility.swift in Sources */ = {isa = PBXBuildFile; fileRef = D4F155713303A555D9442C25 /* EventEligibility.swift */; };
		337B96ADA35DA1CDE9ACFA7D /* TrayMenuView.swift in Sources */ = {isa = PBXBuildFile; fileRef = 43459B78D32579E6D0D6CBE3 /* TrayMenuView.swift */; };
		3FC759B2B2C5079289703665 /* CalendarCloakApp.swift in Sources */ = {isa = PBXBuildFile; fileRef = BE317A9A7CA2A4F82C69A507 /* CalendarCloakApp.swift */; };
		401978EE87B7B1A379B6B8D9 /* Logger.swift in Sources */ = {isa = PBXBuildFile; fileRef = 3E2B7FB7F7CF0C4C2F78FDA8 /* Logger.swift */; };
		4B60485BBB9B0F8B05706815 /* SyncEngineTests.swift in Sources */ = {isa = PBXBuildFile; fileRef = 83B7F776324A576F2552D8EC /* SyncEngineTests.swift */; };
		4C057EB320C2DCD3A7090AAF /* Reconciliation.swift in Sources */ = {isa = PBXBuildFile; fileRef = 1F85ABD2AB6B71A04EF71455 /* Reconciliation.swift */; };
		8DB9854F453B98B189DCF79F /* AppState.swift in Sources */ = {isa = PBXBuildFile; fileRef = D5F5E5CE922C3577677FE998 /* AppState.swift */; };
		8E06838486682AA7E5AB8D4E /* AppSettings.swift in Sources */ = {isa = PBXBuildFile; fileRef = 9AC055495912B7233F17AA83 /* AppSettings.swift */; };
		A15C2D5E676F95C9CB8A6873 /* EventEligibilityTests.swift in Sources */ = {isa = PBXBuildFile; fileRef = E5E1AE49AC97EE3BDEAC0056 /* EventEligibilityTests.swift */; };
		A341656416BD72EB6B3DA1F0 /* EventKitStore.swift in Sources */ = {isa = PBXBuildFile; fileRef = 049977B0B4EB1F753FB09829 /* EventKitStore.swift */; };
		A83B02DFF5E1DBF7CB9F915A /* CalendarEvent.swift in Sources */ = {isa = PBXBuildFile; fileRef = 21653208740B40034B8B577B /* CalendarEvent.swift */; };
		AAC38D0B1293D7313012C154 /* BusyEventMarker.swift in Sources */ = {isa = PBXBuildFile; fileRef = 72FC20848F1B1C1AD729BAF1 /* BusyEventMarker.swift */; };
		BB10DCA3FE263ED3615CE01E /* BusyEventMarkerTests.swift in Sources */ = {isa = PBXBuildFile; fileRef = 2E0046EB5063E72B62BDBB88 /* BusyEventMarkerTests.swift */; };
		BE488D241795F215C8AC95D7 /* MockCalendarStore.swift in Sources */ = {isa = PBXBuildFile; fileRef = 3449E5F1F275E336DF65F122 /* MockCalendarStore.swift */; };
		C194045D8A9803D1858A23E3 /* ReconciliationTests.swift in Sources */ = {isa = PBXBuildFile; fileRef = FFDDFAC76D3C8C552EC0A316 /* ReconciliationTests.swift */; };
		D7A6617476984613BBE7C3EC /* BusyEventDraft.swift in Sources */ = {isa = PBXBuildFile; fileRef = C54ADC854B83F697C74E704D /* BusyEventDraft.swift */; };
		D8B5BD74B41DB55D42C6BF1D /* SyncEngine.swift in Sources */ = {isa = PBXBuildFile; fileRef = 377F19DDF0298ED2509662E4 /* SyncEngine.swift */; };
		B2C3D4E5F6A7B8C9D0E1F2A3 /* UpdateChecker.swift in Sources */ = {isa = PBXBuildFile; fileRef = A1B2C3D4E5F6A7B8C9D0E1F2 /* UpdateChecker.swift */; };
		D4E5F6A7B8C9D0E1F2A3B4C5 /* UpdateInstaller.swift in Sources */ = {isa = PBXBuildFile; fileRef = C3D4E5F6A7B8C9D0E1F2A3B4 /* UpdateInstaller.swift */; };
		F6A7B8C9D0E1F2A3B4C5D6E7 /* UpdateStateTests.swift in Sources */ = {isa = PBXBuildFile; fileRef = E5F6A7B8C9D0E1F2A3B4C5D6 /* UpdateStateTests.swift */; };
		B8C9D0E1F2A3B4C5D6E7F8A9 /* UpdateCheckerTests.swift in Sources */ = {isa = PBXBuildFile; fileRef = A7B8C9D0E1F2A3B4C5D6E7F8 /* UpdateCheckerTests.swift */; };
		D0E1F2A3B4C5D6E7F8A9B0C1 /* UpdateInstallerTests.swift in Sources */ = {isa = PBXBuildFile; fileRef = C9D0E1F2A3B4C5D6E7F8A9B0 /* UpdateInstallerTests.swift */; };
/* End PBXBuildFile section */

/* Begin PBXContainerItemProxy section */
		4E2A21942B072FF67C0FB114 /* PBXContainerItemProxy */ = {
			isa = PBXContainerItemProxy;
			containerPortal = B14AE7836E8A147A005259A7 /* Project object */;
			proxyType = 1;
			remoteGlobalIDString = 7D38FF238431ACD6C8CF01F9;
			remoteInfo = CalendarCloak;
		};
/* End PBXContainerItemProxy section */

/* Begin PBXFileReference section */
		049977B0B4EB1F753FB09829 /* EventKitStore.swift */ = {isa = PBXFileReference; lastKnownFileType = sourcecode.swift; path = EventKitStore.swift; sourceTree = "<group>"; };
		1F85ABD2AB6B71A04EF71455 /* Reconciliation.swift */ = {isa = PBXFileReference; lastKnownFileType = sourcecode.swift; path = Reconciliation.swift; sourceTree = "<group>"; };
		21653208740B40034B8B577B /* CalendarEvent.swift */ = {isa = PBXFileReference; lastKnownFileType = sourcecode.swift; path = CalendarEvent.swift; sourceTree = "<group>"; };
		2E0046EB5063E72B62BDBB88 /* BusyEventMarkerTests.swift */ = {isa = PBXFileReference; lastKnownFileType = sourcecode.swift; path = BusyEventMarkerTests.swift; sourceTree = "<group>"; };
		2EEB87CC671E21E589A65057 /* DryRunPreviewView.swift */ = {isa = PBXFileReference; lastKnownFileType = sourcecode.swift; path = DryRunPreviewView.swift; sourceTree = "<group>"; };
		3449E5F1F275E336DF65F122 /* MockCalendarStore.swift */ = {isa = PBXFileReference; lastKnownFileType = sourcecode.swift; path = MockCalendarStore.swift; sourceTree = "<group>"; };
		377F19DDF0298ED2509662E4 /* SyncEngine.swift */ = {isa = PBXFileReference; lastKnownFileType = sourcecode.swift; path = SyncEngine.swift; sourceTree = "<group>"; };
		3E2B7FB7F7CF0C4C2F78FDA8 /* Logger.swift */ = {isa = PBXFileReference; lastKnownFileType = sourcecode.swift; path = Logger.swift; sourceTree = "<group>"; };
		40218ED3573E8C580F87331A /* AppCoordinator.swift */ = {isa = PBXFileReference; lastKnownFileType = sourcecode.swift; path = AppCoordinator.swift; sourceTree = "<group>"; };
		43459B78D32579E6D0D6CBE3 /* TrayMenuView.swift */ = {isa = PBXFileReference; lastKnownFileType = sourcecode.swift; path = TrayMenuView.swift; sourceTree = "<group>"; };
		528D7EE69A4957C0F010B701 /* LoggerTests.swift */ = {isa = PBXFileReference; lastKnownFileType = sourcecode.swift; path = LoggerTests.swift; sourceTree = "<group>"; };
		60031153955769B77D7B3F9E /* Info.plist */ = {isa = PBXFileReference; lastKnownFileType = text.plist; path = Info.plist; sourceTree = "<group>"; };
		64BE3638EBB3BBF5ED512267 /* SettingsView.swift */ = {isa = PBXFileReference; lastKnownFileType = sourcecode.swift; path = SettingsView.swift; sourceTree = "<group>"; };
		68A42934013573F7D6D24F29 /* CalendarCloakTests.xctest */ = {isa = PBXFileReference; explicitFileType = wrapper.cfbundle; includeInIndex = 0; path = CalendarCloakTests.xctest; sourceTree = BUILT_PRODUCTS_DIR; };
		72FC20848F1B1C1AD729BAF1 /* BusyEventMarker.swift */ = {isa = PBXFileReference; lastKnownFileType = sourcecode.swift; path = BusyEventMarker.swift; sourceTree = "<group>"; };
		83B7F776324A576F2552D8EC /* SyncEngineTests.swift */ = {isa = PBXFileReference; lastKnownFileType = sourcecode.swift; path = SyncEngineTests.swift; sourceTree = "<group>"; };
		9AC055495912B7233F17AA83 /* AppSettings.swift */ = {isa = PBXFileReference; lastKnownFileType = sourcecode.swift; path = AppSettings.swift; sourceTree = "<group>"; };
		B2118857B4307DC673596E96 /* ReconciliationOperation.swift */ = {isa = PBXFileReference; lastKnownFileType = sourcecode.swift; path = ReconciliationOperation.swift; sourceTree = "<group>"; };
		BE317A9A7CA2A4F82C69A507 /* CalendarCloakApp.swift */ = {isa = PBXFileReference; lastKnownFileType = sourcecode.swift; path = CalendarCloakApp.swift; sourceTree = "<group>"; };
		C08F8068CF0DD1F92823215A /* CalendarCloak.entitlements */ = {isa = PBXFileReference; lastKnownFileType = text.plist.entitlements; path = CalendarCloak.entitlements; sourceTree = "<group>"; };
		C54ADC854B83F697C74E704D /* BusyEventDraft.swift */ = {isa = PBXFileReference; lastKnownFileType = sourcecode.swift; path = BusyEventDraft.swift; sourceTree = "<group>"; };
		D4F155713303A555D9442C25 /* EventEligibility.swift */ = {isa = PBXFileReference; lastKnownFileType = sourcecode.swift; path = EventEligibility.swift; sourceTree = "<group>"; };
		D5F5E5CE922C3577677FE998 /* AppState.swift */ = {isa = PBXFileReference; lastKnownFileType = sourcecode.swift; path = AppState.swift; sourceTree = "<group>"; };
		E192D5207611469FC1CFC2C9 /* SetupWizardView.swift */ = {isa = PBXFileReference; lastKnownFileType = sourcecode.swift; path = SetupWizardView.swift; sourceTree = "<group>"; };
		E5E1AE49AC97EE3BDEAC0056 /* EventEligibilityTests.swift */ = {isa = PBXFileReference; lastKnownFileType = sourcecode.swift; path = EventEligibilityTests.swift; sourceTree = "<group>"; };
		FDC3A53C94CE74FB550EFC5B /* CalendarCloak.app */ = {isa = PBXFileReference; explicitFileType = wrapper.application; includeInIndex = 0; path = CalendarCloak.app; sourceTree = BUILT_PRODUCTS_DIR; };
		FFDDFAC76D3C8C552EC0A316 /* ReconciliationTests.swift */ = {isa = PBXFileReference; lastKnownFileType = sourcecode.swift; path = ReconciliationTests.swift; sourceTree = "<group>"; };
		A1B2C3D4E5F6A7B8C9D0E1F2 /* UpdateChecker.swift */ = {isa = PBXFileReference; lastKnownFileType = sourcecode.swift; path = UpdateChecker.swift; sourceTree = "<group>"; };
		C3D4E5F6A7B8C9D0E1F2A3B4 /* UpdateInstaller.swift */ = {isa = PBXFileReference; lastKnownFileType = sourcecode.swift; path = UpdateInstaller.swift; sourceTree = "<group>"; };
		E5F6A7B8C9D0E1F2A3B4C5D6 /* UpdateStateTests.swift */ = {isa = PBXFileReference; lastKnownFileType = sourcecode.swift; path = UpdateStateTests.swift; sourceTree = "<group>"; };
		A7B8C9D0E1F2A3B4C5D6E7F8 /* UpdateCheckerTests.swift */ = {isa = PBXFileReference; lastKnownFileType = sourcecode.swift; path = UpdateCheckerTests.swift; sourceTree = "<group>"; };
		C9D0E1F2A3B4C5D6E7F8A9B0 /* UpdateInstallerTests.swift */ = {isa = PBXFileReference; lastKnownFileType = sourcecode.swift; path = UpdateInstallerTests.swift; sourceTree = "<group>"; };
/* End PBXFileReference section */

/* Begin PBXGroup section */
		1A66028448554AD6E125D8B0 /* Logging */ = {
			isa = PBXGroup;
			children = (
				3E2B7FB7F7CF0C4C2F78FDA8 /* Logger.swift */,
			);
			path = Logging;
			sourceTree = "<group>";
		};
		1A9B6FCDEF156E93110D9D94 /* CalendarCloakTests */ = {
			isa = PBXGroup;
			children = (
				2E0046EB5063E72B62BDBB88 /* BusyEventMarkerTests.swift */,
				E5E1AE49AC97EE3BDEAC0056 /* EventEligibilityTests.swift */,
				528D7EE69A4957C0F010B701 /* LoggerTests.swift */,
				FFDDFAC76D3C8C552EC0A316 /* ReconciliationTests.swift */,
				83B7F776324A576F2552D8EC /* SyncEngineTests.swift */,
				E5F6A7B8C9D0E1F2A3B4C5D6 /* UpdateStateTests.swift */,
				A7B8C9D0E1F2A3B4C5D6E7F8 /* UpdateCheckerTests.swift */,
				C9D0E1F2A3B4C5D6E7F8A9B0 /* UpdateInstallerTests.swift */,
				E24C56A6385BAC4AAA6B6DF1 /* Mocks */,
			);
			path = CalendarCloakTests;
			sourceTree = "<group>";
		};
		868D03CE52DD42015223C28E /* Settings */ = {
			isa = PBXGroup;
			children = (
				9AC055495912B7233F17AA83 /* AppSettings.swift */,
			);
			path = Settings;
			sourceTree = "<group>";
		};
		A58A1843046CC4C32F358B0F /* State */ = {
			isa = PBXGroup;
			children = (
				D5F5E5CE922C3577677FE998 /* AppState.swift */,
			);
			path = State;
			sourceTree = "<group>";
		};
		CBFE7876ED4939835E6E1480 /* Products */ = {
			isa = PBXGroup;
			children = (
				FDC3A53C94CE74FB550EFC5B /* CalendarCloak.app */,
				68A42934013573F7D6D24F29 /* CalendarCloakTests.xctest */,
			);
			name = Products;
			sourceTree = "<group>";
		};
		D628BBA47A9EC0A80F8E654F /* Domain */ = {
			isa = PBXGroup;
			children = (
				C54ADC854B83F697C74E704D /* BusyEventDraft.swift */,
				72FC20848F1B1C1AD729BAF1 /* BusyEventMarker.swift */,
				21653208740B40034B8B577B /* CalendarEvent.swift */,
				B2118857B4307DC673596E96 /* ReconciliationOperation.swift */,
			);
			path = Domain;
			sourceTree = "<group>";
		};
		D99AB6C46A5CDE6B1BC4F786 = {
			isa = PBXGroup;
			children = (
				E3DF55F97676B78F23599E5F /* CalendarCloak */,
				1A9B6FCDEF156E93110D9D94 /* CalendarCloakTests */,
				CBFE7876ED4939835E6E1480 /* Products */,
			);
			sourceTree = "<group>";
		};
		E24C56A6385BAC4AAA6B6DF1 /* Mocks */ = {
			isa = PBXGroup;
			children = (
				3449E5F1F275E336DF65F122 /* MockCalendarStore.swift */,
			);
			path = Mocks;
			sourceTree = "<group>";
		};
		E3DF55F97676B78F23599E5F /* CalendarCloak */ = {
			isa = PBXGroup;
			children = (
				40218ED3573E8C580F87331A /* AppCoordinator.swift */,
				C08F8068CF0DD1F92823215A /* CalendarCloak.entitlements */,
				BE317A9A7CA2A4F82C69A507 /* CalendarCloakApp.swift */,
				60031153955769B77D7B3F9E /* Info.plist */,
				D628BBA47A9EC0A80F8E654F /* Domain */,
				F1D2134532E947AFD20DCCE7 /* EventKit */,
				1A66028448554AD6E125D8B0 /* Logging */,
				868D03CE52DD42015223C28E /* Settings */,
				A58A1843046CC4C32F358B0F /* State */,
				F330FED3C7D82D2426ECDDB4 /* Sync */,
				F2054BF35F40B3BC2962DE3F /* UI */,
				F4A1B2C3D4E5F6A7B8C9D0E1 /* Update */,
			);
			path = CalendarCloak;
			sourceTree = "<group>";
		};
		F1D2134532E947AFD20DCCE7 /* EventKit */ = {
			isa = PBXGroup;
			children = (
				049977B0B4EB1F753FB09829 /* EventKitStore.swift */,
			);
			path = EventKit;
			sourceTree = "<group>";
		};
		F2054BF35F40B3BC2962DE3F /* UI */ = {
			isa = PBXGroup;
			children = (
				2EEB87CC671E21E589A65057 /* DryRunPreviewView.swift */,
				64BE3638EBB3BBF5ED512267 /* SettingsView.swift */,
				E192D5207611469FC1CFC2C9 /* SetupWizardView.swift */,
				43459B78D32579E6D0D6CBE3 /* TrayMenuView.swift */,
			);
			path = UI;
			sourceTree = "<group>";
		};
		F330FED3C7D82D2426ECDDB4 /* Sync */ = {
			isa = PBXGroup;
			children = (
				D4F155713303A555D9442C25 /* EventEligibility.swift */,
				1F85ABD2AB6B71A04EF71455 /* Reconciliation.swift */,
				377F19DDF0298ED2509662E4 /* SyncEngine.swift */,
			);
			path = Sync;
			sourceTree = "<group>";
		};
		F4A1B2C3D4E5F6A7B8C9D0E1 /* Update */ = {
			isa = PBXGroup;
			children = (
				A1B2C3D4E5F6A7B8C9D0E1F2 /* UpdateChecker.swift */,
				C3D4E5F6A7B8C9D0E1F2A3B4 /* UpdateInstaller.swift */,
			);
			path = Update;
			sourceTree = "<group>";
		};
/* End PBXGroup section */

/* Begin PBXNativeTarget section */
		26F2528A22A79EBD0B121867 /* CalendarCloakTests */ = {
			isa = PBXNativeTarget;
			buildConfigurationList = D24900C679E0C940CEAF0D64 /* Build configuration list for PBXNativeTarget "CalendarCloakTests" */;
			buildPhases = (
				A75F42F62E80964FDA0AA1A0 /* Sources */,
			);
			buildRules = (
			);
			dependencies = (
				FC90BD75CCA7F434A2A38F31 /* PBXTargetDependency */,
			);
			name = CalendarCloakTests;
			packageProductDependencies = (
			);
			productName = CalendarCloakTests;
			productReference = 68A42934013573F7D6D24F29 /* CalendarCloakTests.xctest */;
			productType = "com.apple.product-type.bundle.unit-test";
		};
		7D38FF238431ACD6C8CF01F9 /* CalendarCloak */ = {
			isa = PBXNativeTarget;
			buildConfigurationList = C7364A90FE5CEDAE3C8F8DAC /* Build configuration list for PBXNativeTarget "CalendarCloak" */;
			buildPhases = (
				2160D5B70B2BD929BB4E6D2B /* Sources */,
			);
			buildRules = (
			);
			dependencies = (
			);
			name = CalendarCloak;
			packageProductDependencies = (
			);
			productName = CalendarCloak;
			productReference = FDC3A53C94CE74FB550EFC5B /* CalendarCloak.app */;
			productType = "com.apple.product-type.application";
		};
/* End PBXNativeTarget section */

/* Begin PBXProject section */
		B14AE7836E8A147A005259A7 /* Project object */ = {
			isa = PBXProject;
			attributes = {
				BuildIndependentTargetsInParallel = YES;
				LastUpgradeCheck = 1430;
				TargetAttributes = {
				};
			};
			buildConfigurationList = 7C1C54E5DFEF058B9C21B2D4 /* Build configuration list for PBXProject "CalendarCloak" */;
			developmentRegion = en;
			hasScannedForEncodings = 0;
			knownRegions = (
				Base,
				en,
			);
			mainGroup = D99AB6C46A5CDE6B1BC4F786;
			minimizedProjectReferenceProxies = 1;
			preferredProjectObjectVersion = 77;
			productRefGroup = CBFE7876ED4939835E6E1480 /* Products */;
			projectDirPath = "";
			projectRoot = "";
			targets = (
				7D38FF238431ACD6C8CF01F9 /* CalendarCloak */,
				26F2528A22A79EBD0B121867 /* CalendarCloakTests */,
			);
		};
/* End PBXProject section */

/* Begin PBXSourcesBuildPhase section */
		2160D5B70B2BD929BB4E6D2B /* Sources */ = {
			isa = PBXSourcesBuildPhase;
			buildActionMask = 2147483647;
			files = (
				10F8BF003F3440B97C059F19 /* AppCoordinator.swift in Sources */,
				8E06838486682AA7E5AB8D4E /* AppSettings.swift in Sources */,
				8DB9854F453B98B189DCF79F /* AppState.swift in Sources */,
				D7A6617476984613BBE7C3EC /* BusyEventDraft.swift in Sources */,
				AAC38D0B1293D7313012C154 /* BusyEventMarker.swift in Sources */,
				3FC759B2B2C5079289703665 /* CalendarCloakApp.swift in Sources */,
				A83B02DFF5E1DBF7CB9F915A /* CalendarEvent.swift in Sources */,
				0C771842D02A649E745C3B15 /* DryRunPreviewView.swift in Sources */,
				30883F869DEEB730CCB20D95 /* EventEligibility.swift in Sources */,
				A341656416BD72EB6B3DA1F0 /* EventKitStore.swift in Sources */,
				401978EE87B7B1A379B6B8D9 /* Logger.swift in Sources */,
				4C057EB320C2DCD3A7090AAF /* Reconciliation.swift in Sources */,
				1DF5A6DF6F973594A24E0373 /* ReconciliationOperation.swift in Sources */,
				29C752C5B563C9AF7CE929DF /* SettingsView.swift in Sources */,
				122898FEB28FBBB4924A3FAD /* SetupWizardView.swift in Sources */,
				D8B5BD74B41DB55D42C6BF1D /* SyncEngine.swift in Sources */,
				337B96ADA35DA1CDE9ACFA7D /* TrayMenuView.swift in Sources */,
				B2C3D4E5F6A7B8C9D0E1F2A3 /* UpdateChecker.swift in Sources */,
				D4E5F6A7B8C9D0E1F2A3B4C5 /* UpdateInstaller.swift in Sources */,
			);
			runOnlyForDeploymentPostprocessing = 0;
		};
		A75F42F62E80964FDA0AA1A0 /* Sources */ = {
			isa = PBXSourcesBuildPhase;
			buildActionMask = 2147483647;
			files = (
				BB10DCA3FE263ED3615CE01E /* BusyEventMarkerTests.swift in Sources */,
				A15C2D5E676F95C9CB8A6873 /* EventEligibilityTests.swift in Sources */,
				14EB9554E5F4347CC71B0176 /* LoggerTests.swift in Sources */,
				BE488D241795F215C8AC95D7 /* MockCalendarStore.swift in Sources */,
				C194045D8A9803D1858A23E3 /* ReconciliationTests.swift in Sources */,
				4B60485BBB9B0F8B05706815 /* SyncEngineTests.swift in Sources */,
				F6A7B8C9D0E1F2A3B4C5D6E7 /* UpdateStateTests.swift in Sources */,
				B8C9D0E1F2A3B4C5D6E7F8A9 /* UpdateCheckerTests.swift in Sources */,
				D0E1F2A3B4C5D6E7F8A9B0C1 /* UpdateInstallerTests.swift in Sources */,
			);
			runOnlyForDeploymentPostprocessing = 0;
		};
/* End PBXSourcesBuildPhase section */

/* Begin PBXTargetDependency section */
		FC90BD75CCA7F434A2A38F31 /* PBXTargetDependency */ = {
			isa = PBXTargetDependency;
			target = 7D38FF238431ACD6C8CF01F9 /* CalendarCloak */;
			targetProxy = 4E2A21942B072FF67C0FB114 /* PBXContainerItemProxy */;
		};
/* End PBXTargetDependency section */

/* Begin XCBuildConfiguration section */
		26FDADE12C33DEB6C86E38B1 /* Debug */ = {
			isa = XCBuildConfiguration;
			buildSettings = {
				ALWAYS_SEARCH_USER_PATHS = NO;
				CLANG_ANALYZER_NONNULL = YES;
				CLANG_ANALYZER_NUMBER_OBJECT_CONVERSION = YES_AGGRESSIVE;
				CLANG_CXX_LANGUAGE_STANDARD = "gnu++14";
				CLANG_CXX_LIBRARY = "libc++";
				CLANG_ENABLE_MODULES = YES;
				CLANG_ENABLE_OBJC_ARC = YES;
				CLANG_ENABLE_OBJC_WEAK = YES;
				CLANG_WARN_BLOCK_CAPTURE_AUTORELEASING = YES;
				CLANG_WARN_BOOL_CONVERSION = YES;
				CLANG_WARN_COMMA = YES;
				CLANG_WARN_CONSTANT_CONVERSION = YES;
				CLANG_WARN_DEPRECATED_OBJC_IMPLEMENTATIONS = YES;
				CLANG_WARN_DIRECT_OBJC_ISA_USAGE = YES_ERROR;
				CLANG_WARN_DOCUMENTATION_COMMENTS = YES;
				CLANG_WARN_EMPTY_BODY = YES;
				CLANG_WARN_ENUM_CONVERSION = YES;
				CLANG_WARN_INFINITE_RECURSION = YES;
				CLANG_WARN_INT_CONVERSION = YES;
				CLANG_WARN_NON_LITERAL_NULL_CONVERSION = YES;
				CLANG_WARN_OBJC_IMPLICIT_RETAIN_SELF = YES;
				CLANG_WARN_OBJC_LITERAL_CONVERSION = YES;
				CLANG_WARN_OBJC_ROOT_CLASS = YES_ERROR;
				CLANG_WARN_QUOTED_INCLUDE_IN_FRAMEWORK_HEADER = YES;
				CLANG_WARN_RANGE_LOOP_ANALYSIS = YES;
				CLANG_WARN_STRICT_PROTOTYPES = YES;
				CLANG_WARN_SUSPICIOUS_MOVE = YES;
				CLANG_WARN_UNGUARDED_AVAILABILITY = YES_AGGRESSIVE;
				CLANG_WARN_UNREACHABLE_CODE = YES;
				CLANG_WARN__DUPLICATE_METHOD_MATCH = YES;
				COPY_PHASE_STRIP = NO;
				DEBUG_INFORMATION_FORMAT = dwarf;
				ENABLE_STRICT_OBJC_MSGSEND = YES;
				ENABLE_TESTABILITY = YES;
				GCC_C_LANGUAGE_STANDARD = gnu11;
				GCC_DYNAMIC_NO_PIC = NO;
				GCC_NO_COMMON_BLOCKS = YES;
				GCC_OPTIMIZATION_LEVEL = 0;
				GCC_PREPROCESSOR_DEFINITIONS = (
					"$(inherited)",
					"DEBUG=1",
				);
				GCC_WARN_64_TO_32_BIT_CONVERSION = YES;
				GCC_WARN_ABOUT_RETURN_TYPE = YES_ERROR;
				GCC_WARN_UNDECLARED_SELECTOR = YES;
				GCC_WARN_UNINITIALIZED_AUTOS = YES_AGGRESSIVE;
				GCC_WARN_UNUSED_FUNCTION = YES;
				GCC_WARN_UNUSED_VARIABLE = YES;
				MACOSX_DEPLOYMENT_TARGET = 26.0;
				MTL_ENABLE_DEBUG_INFO = INCLUDE_SOURCE;
				MTL_FAST_MATH = YES;
				ONLY_ACTIVE_ARCH = YES;
				PRODUCT_NAME = "$(TARGET_NAME)";
				SDKROOT = macosx;
				SWIFT_ACTIVE_COMPILATION_CONDITIONS = DEBUG;
				SWIFT_OPTIMIZATION_LEVEL = "-Onone";
				SWIFT_VERSION = 5.0;
			};
			name = Debug;
		};
		37E01C01531FF12F3710CC19 /* Release */ = {
			isa = XCBuildConfiguration;
			buildSettings = {
				BUNDLE_LOADER = "$(TEST_HOST)";
				COMBINE_HIDPI_IMAGES = YES;
				LD_RUNPATH_SEARCH_PATHS = (
					"$(inherited)",
					"@executable_path/../Frameworks",
					"@loader_path/../Frameworks",
				);
				MACOSX_DEPLOYMENT_TARGET = 26.0;
				PRODUCT_BUNDLE_IDENTIFIER = "com.nodepoint.calendar-cloak-tests";
				SDKROOT = macosx;
				TEST_HOST = "$(BUILT_PRODUCTS_DIR)/CalendarCloak.app/Contents/MacOS/CalendarCloak";
			};
			name = Release;
		};
		42917982449DAD28547CA2DC /* Release */ = {
			isa = XCBuildConfiguration;
			buildSettings = {
				ALWAYS_SEARCH_USER_PATHS = NO;
				CLANG_ANALYZER_NONNULL = YES;
				CLANG_ANALYZER_NUMBER_OBJECT_CONVERSION = YES_AGGRESSIVE;
				CLANG_CXX_LANGUAGE_STANDARD = "gnu++14";
				CLANG_CXX_LIBRARY = "libc++";
				CLANG_ENABLE_MODULES = YES;
				CLANG_ENABLE_OBJC_ARC = YES;
				CLANG_ENABLE_OBJC_WEAK = YES;
				CLANG_WARN_BLOCK_CAPTURE_AUTORELEASING = YES;
				CLANG_WARN_BOOL_CONVERSION = YES;
				CLANG_WARN_COMMA = YES;
				CLANG_WARN_CONSTANT_CONVERSION = YES;
				CLANG_WARN_DEPRECATED_OBJC_IMPLEMENTATIONS = YES;
				CLANG_WARN_DIRECT_OBJC_ISA_USAGE = YES_ERROR;
				CLANG_WARN_DOCUMENTATION_COMMENTS = YES;
				CLANG_WARN_EMPTY_BODY = YES;
				CLANG_WARN_ENUM_CONVERSION = YES;
				CLANG_WARN_INFINITE_RECURSION = YES;
				CLANG_WARN_INT_CONVERSION = YES;
				CLANG_WARN_NON_LITERAL_NULL_CONVERSION = YES;
				CLANG_WARN_OBJC_IMPLICIT_RETAIN_SELF = YES;
				CLANG_WARN_OBJC_LITERAL_CONVERSION = YES;
				CLANG_WARN_OBJC_ROOT_CLASS = YES_ERROR;
				CLANG_WARN_QUOTED_INCLUDE_IN_FRAMEWORK_HEADER = YES;
				CLANG_WARN_RANGE_LOOP_ANALYSIS = YES;
				CLANG_WARN_STRICT_PROTOTYPES = YES;
				CLANG_WARN_SUSPICIOUS_MOVE = YES;
				CLANG_WARN_UNGUARDED_AVAILABILITY = YES_AGGRESSIVE;
				CLANG_WARN_UNREACHABLE_CODE = YES;
				CLANG_WARN__DUPLICATE_METHOD_MATCH = YES;
				COPY_PHASE_STRIP = NO;
				DEBUG_INFORMATION_FORMAT = "dwarf-with-dsym";
				ENABLE_NS_ASSERTIONS = NO;
				ENABLE_STRICT_OBJC_MSGSEND = YES;
				GCC_C_LANGUAGE_STANDARD = gnu11;
				GCC_NO_COMMON_BLOCKS = YES;
				GCC_WARN_64_TO_32_BIT_CONVERSION = YES;
				GCC_WARN_ABOUT_RETURN_TYPE = YES_ERROR;
				GCC_WARN_UNDECLARED_SELECTOR = YES;
				GCC_WARN_UNINITIALIZED_AUTOS = YES_AGGRESSIVE;
				GCC_WARN_UNUSED_FUNCTION = YES;
				GCC_WARN_UNUSED_VARIABLE = YES;
				MACOSX_DEPLOYMENT_TARGET = 26.0;
				MTL_ENABLE_DEBUG_INFO = NO;
				MTL_FAST_MATH = YES;
				PRODUCT_NAME = "$(TARGET_NAME)";
				SDKROOT = macosx;
				SWIFT_COMPILATION_MODE = wholemodule;
				SWIFT_OPTIMIZATION_LEVEL = "-O";
				SWIFT_VERSION = 5.0;
			};
			name = Release;
		};
		46B73E6F7E15CC36666B9A81 /* Debug */ = {
			isa = XCBuildConfiguration;
			buildSettings = {
				BUNDLE_LOADER = "$(TEST_HOST)";
				COMBINE_HIDPI_IMAGES = YES;
				LD_RUNPATH_SEARCH_PATHS = (
					"$(inherited)",
					"@executable_path/../Frameworks",
					"@loader_path/../Frameworks",
				);
				MACOSX_DEPLOYMENT_TARGET = 26.0;
				PRODUCT_BUNDLE_IDENTIFIER = "com.nodepoint.calendar-cloak-tests";
				SDKROOT = macosx;
				TEST_HOST = "$(BUILT_PRODUCTS_DIR)/CalendarCloak.app/Contents/MacOS/CalendarCloak";
			};
			name = Debug;
		};
		484D61F09BDFDE3AD37635C8 /* Release */ = {
			isa = XCBuildConfiguration;
			buildSettings = {
				ASSETCATALOG_COMPILER_APPICON_NAME = AppIcon;
				CODE_SIGN_ENTITLEMENTS = CalendarCloak/CalendarCloak.entitlements;
				COMBINE_HIDPI_IMAGES = YES;
				CURRENT_PROJECT_VERSION = 1;
				INFOPLIST_FILE = CalendarCloak/Info.plist;
				LD_RUNPATH_SEARCH_PATHS = (
					"$(inherited)",
					"@executable_path/../Frameworks",
				);
				MACOSX_DEPLOYMENT_TARGET = 26.0;
				MARKETING_VERSION = 0.1.0;
				PRODUCT_BUNDLE_IDENTIFIER = "com.nodepoint.calendar-cloak";
				SDKROOT = macosx;
				SWIFT_VERSION = 5.0;
			};
			name = Release;
		};
		CD7998263310F82CFF7B7CA0 /* Debug */ = {
			isa = XCBuildConfiguration;
			buildSettings = {
				ASSETCATALOG_COMPILER_APPICON_NAME = AppIcon;
				CODE_SIGN_ENTITLEMENTS = CalendarCloak/CalendarCloak.entitlements;
				COMBINE_HIDPI_IMAGES = YES;
				CURRENT_PROJECT_VERSION = 1;
				INFOPLIST_FILE = CalendarCloak/Info.plist;
				LD_RUNPATH_SEARCH_PATHS = (
					"$(inherited)",
					"@executable_path/../Frameworks",
				);
				MACOSX_DEPLOYMENT_TARGET = 26.0;
				MARKETING_VERSION = 0.1.0;
				PRODUCT_BUNDLE_IDENTIFIER = "com.nodepoint.calendar-cloak";
				SDKROOT = macosx;
				SWIFT_VERSION = 5.0;
			};
			name = Debug;
		};
/* End XCBuildConfiguration section */

/* Begin XCConfigurationList section */
		7C1C54E5DFEF058B9C21B2D4 /* Build configuration list for PBXProject "CalendarCloak" */ = {
			isa = XCConfigurationList;
			buildConfigurations = (
				26FDADE12C33DEB6C86E38B1 /* Debug */,
				42917982449DAD28547CA2DC /* Release */,
			);
			defaultConfigurationIsVisible = 0;
			defaultConfigurationName = Debug;
		};
		C7364A90FE5CEDAE3C8F8DAC /* Build configuration list for PBXNativeTarget "CalendarCloak" */ = {
			isa = XCConfigurationList;
			buildConfigurations = (
				CD7998263310F82CFF7B7CA0 /* Debug */,
				484D61F09BDFDE3AD37635C8 /* Release */,
			);
			defaultConfigurationIsVisible = 0;
			defaultConfigurationName = Debug;
		};
		D24900C679E0C940CEAF0D64 /* Build configuration list for PBXNativeTarget "CalendarCloakTests" */ = {
			isa = XCConfigurationList;
			buildConfigurations = (
				46B73E6F7E15CC36666B9A81 /* Debug */,
				37E01C01531FF12F3710CC19 /* Release */,
			);
			defaultConfigurationIsVisible = 0;
			defaultConfigurationName = Debug;
		};
/* End XCConfigurationList section */
	};
	rootObject = B14AE7836E8A147A005259A7 /* Project object */;
}
